
Microsoft Visual Studio Solution File, Format Version 12.00
# Visual Studio Version 17
VisualStudioVersion = 17.7.34202.233
MinimumVisualStudioVersion = 10.0.40219.1
Project("{FAE04EC0-301F-11D3-BF4B-00C04F79EFBC}") = "FitSolarSystem", "ProgramiranjeVjezbe\FitSolarSystem.csproj", "{43AFD1E0-CB3F-4CA0-ABC0-74199C3FE00A}"
EndProject
Project("{FAE04EC0-301F-11D3-BF4B-00C04F79EFBC}") = "MiniSolarSystem", "MiniSolarSystem\MiniSolarSystem.csproj", "{9685FA34-32BC-4E0C-B5AB-5621613D818B}"
EndProject
Global
	GlobalSection(SolutionConfigurationPlatforms) = preSolution
		Debug|Any CPU = Debug|Any CPU
		Release|Any CPU = Release|Any CPU
	EndGlobalSection
	GlobalSection(ProjectConfigurationPlatforms) = postSolution
		{43AFD1E0-CB3F-4CA0-ABC0-74199C3FE00A}.Debug|Any CPU.ActiveCfg = Debug|Any CPU
		{43AFD1E0-CB3F-4CA0-ABC0-74199C3FE00A}.Debug|Any CPU.Build.0 = Debug|Any CPU
		{43AFD1E0-CB3F-4CA0-ABC0-74199C3FE00A}.Release|Any CPU.ActiveCfg = Release|Any CPU
		{43AFD1E0-CB3F-4CA0-ABC0-74199C3FE00A}.Release|Any CPU.Build.0 = Release|Any CPU
		{9685FA34-32BC-4E0C-B5AB-5621613D818B}.Debug|Any CPU.ActiveCfg = Debug|Any CPU
		{9685FA34-32BC-4E0C-B5AB-5621613D818B}.Debug|Any CPU.Build.0 = Debug|Any CPU
		{9685FA34-32BC-4E0C-B5AB-5621613D818B}.Release|Any CPU.ActiveCfg = Release|Any CPU
		{9685FA34-32BC-4E0C-B5AB-5621613D818B}.Release|Any CPU.Build.0 = Release|Any CPU
	EndGlobalSection
	GlobalSection(SolutionProperties) = preSolution
		HideSolutionNode = FALSE
	EndGlobalSection
	GlobalSection(ExtensibilityGlobals) = postSolution
		SolutionGuid = {FC96CA62-23C6-4C89-B737-723CC153565A}
	EndGlobalSection
EndGlobal
